
Microsoft Visual Studio Solution File, Format Version 12.00
# Visual Studio Version 17
VisualStudioVersion = 17.0.31903.59
MinimumVisualStudioVersion = 10.0.40219.1
Project("{FAE04EC0-301F-11D3-BF4B-00C04F79EFBC}") = "Adopet.API", "Adopet.API\Adopet.API.csproj", "{4EE5C5D9-D2BF-48DC-B138-22B2C0437AAB}"
EndProject
Project("{FAE04EC0-301F-11D3-BF4B-00C04F79EFBC}") = "Adopet.Console", "Adopet.Console\Adopet.Console.csproj", "{7A4761D6-7EC0-499B-84D0-A91B779E1926}"
EndProject
Project("{FAE04EC0-301F-11D3-BF4B-00C04F79EFBC}") = "Adopet.Testes", "Adopet.Testes\Adopet.Testes.csproj", "{8F3707CB-E45B-4E22-8ED7-768D3E837BD7}"
EndProject
Project("{2150E333-8FDC-42A3-9474-1A3956D46DE8}") = "src", "src", "{24D7F56C-C304-41B7-A9A6-BAE21BBA22AF}"
EndProject
Project("{2150E333-8FDC-42A3-9474-1A3956D46DE8}") = "tests", "tests", "{AD59A46A-727A-4F34-8195-C7C8F80B87CD}"
EndProject
Project("{FAE04EC0-301F-11D3-BF4B-00C04F79EFBC}") = "Adopet.TestesIntegracao", "Adopet.TesteIntegracao\Adopet.TestesIntegracao.csproj", "{9DC1B89D-A4DF-4DE2-93A4-7B1AC829CF9C}"
EndProject
Global
	GlobalSection(SolutionConfigurationPlatforms) = preSolution
		Debug|Any CPU = Debug|Any CPU
		Release|Any CPU = Release|Any CPU
	EndGlobalSection
	GlobalSection(ProjectConfigurationPlatforms) = postSolution
		{4EE5C5D9-D2BF-48DC-B138-22B2C0437AAB}.Debug|Any CPU.ActiveCfg = Debug|Any CPU
		{4EE5C5D9-D2BF-48DC-B138-22B2C0437AAB}.Debug|Any CPU.Build.0 = Debug|Any CPU
		{4EE5C5D9-D2BF-48DC-B138-22B2C0437AAB}.Release|Any CPU.ActiveCfg = Release|Any CPU
		{4EE5C5D9-D2BF-48DC-B138-22B2C0437AAB}.Release|Any CPU.Build.0 = Release|Any CPU
		{7A4761D6-7EC0-499B-84D0-A91B779E1926}.Debug|Any CPU.ActiveCfg = Debug|Any CPU
		{7A4761D6-7EC0-499B-84D0-A91B779E1926}.Debug|Any CPU.Build.0 = Debug|Any CPU
		{7A4761D6-7EC0-499B-84D0-A91B779E1926}.Release|Any CPU.ActiveCfg = Release|Any CPU
		{7A4761D6-7EC0-499B-84D0-A91B779E1926}.Release|Any CPU.Build.0 = Release|Any CPU
		{8F3707CB-E45B-4E22-8ED7-768D3E837BD7}.Debug|Any CPU.ActiveCfg = Debug|Any CPU
		{8F3707CB-E45B-4E22-8ED7-768D3E837BD7}.Debug|Any CPU.Build.0 = Debug|Any CPU
		{8F3707CB-E45B-4E22-8ED7-768D3E837BD7}.Release|Any CPU.ActiveCfg = Release|Any CPU
		{8F3707CB-E45B-4E22-8ED7-768D3E837BD7}.Release|Any CPU.Build.0 = Release|Any CPU
		{9DC1B89D-A4DF-4DE2-93A4-7B1AC829CF9C}.Debug|Any CPU.ActiveCfg = Debug|Any CPU
		{9DC1B89D-A4DF-4DE2-93A4-7B1AC829CF9C}.Debug|Any CPU.Build.0 = Debug|Any CPU
		{9DC1B89D-A4DF-4DE2-93A4-7B1AC829CF9C}.Release|Any CPU.ActiveCfg = Release|Any CPU
		{9DC1B89D-A4DF-4DE2-93A4-7B1AC829CF9C}.Release|Any CPU.Build.0 = Release|Any CPU
	EndGlobalSection
	GlobalSection(SolutionProperties) = preSolution
		HideSolutionNode = FALSE
	EndGlobalSection
	GlobalSection(NestedProjects) = preSolution
		{4EE5C5D9-D2BF-48DC-B138-22B2C0437AAB} = {24D7F56C-C304-41B7-A9A6-BAE21BBA22AF}
		{7A4761D6-7EC0-499B-84D0-A91B779E1926} = {24D7F56C-C304-41B7-A9A6-BAE21BBA22AF}
		{8F3707CB-E45B-4E22-8ED7-768D3E837BD7} = {AD59A46A-727A-4F34-8195-C7C8F80B87CD}
		{9DC1B89D-A4DF-4DE2-93A4-7B1AC829CF9C} = {AD59A46A-727A-4F34-8195-C7C8F80B87CD}
	EndGlobalSection
EndGlobal
